// !$*UTF8*$!
{
	archiveVersion = 1;
	classes = {
	};
	objectVersion = 77;
	objects = {

/* Begin PBXContainerItemProxy section */
		E104A5442D8B73A7007061F8 /* PBXContainerItemProxy */ = {
			isa = PBXContainerItemProxy;
			containerPortal = E104A52B2D8B73A5007061F8 /* Project object */;
			proxyType = 1;
			remoteGlobalIDString = E104A5322D8B73A5007061F8;
			remoteInfo = ArtworkRecognitionDemo;
		};
		E104A54E2D8B73A7007061F8 /* PBXContainerItemProxy */ = {
			isa = PBXContainerItemProxy;
			containerPortal = E104A52B2D8B73A5007061F8 /* Project object */;
			proxyType = 1;
			remoteGlobalIDString = E104A5322D8B73A5007061F8;
			remoteInfo = ArtworkRecognitionDemo;
		};
/* End PBXContainerItemProxy section */

/* Begin PBXFileReference section */
		E104A5332D8B73A5007061F8 /* ArtworkRecognitionDemo.app */ = {isa = PBXFileReference; explicitFileType = wrapper.application; includeInIndex = 0; path = ArtworkRecognitionDemo.app; sourceTree = BUILT_PRODUCTS_DIR; };
		E104A5432D8B73A7007061F8 /* ArtworkRecognitionDemoTests.xctest */ = {isa = PBXFileReference; explicitFileType = wrapper.cfbundle; includeInIndex = 0; path = ArtworkRecognitionDemoTests.xctest; sourceTree = BUILT_PRODUCTS_DIR; };
		E104A54D2D8B73A7007061F8 /* ArtworkRecognitionDemoUITests.xctest */ = {isa = PBXFileReference; explicitFileType = wrapper.cfbundle; includeInIndex = 0; path = ArtworkRecognitionDemoUITests.xctest; sourceTree = BUILT_PRODUCTS_DIR; };
/* End PBXFileReference section */

/* Begin PBXFileSystemSynchronizedRootGroup section */
		E104A5352D8B73A5007061F8 /* ArtworkRecognitionDemo */ = {
			isa = PBXFileSystemSynchronizedRootGroup;
			path = ArtworkRecognitionDemo;
			sourceTree = "<group>";
		};
		E104A5462D8B73A7007061F8 /* ArtworkRecognitionDemoTests */ = {
			isa = PBXFileSystemSynchronizedRootGroup;
			path = ArtworkRecognitionDemoTests;
			sourceTree = "<group>";
		};
		E104A5502D8B73A7007061F8 /* ArtworkRecognitionDemoUITests */ = {
			isa = PBXFileSystemSynchronizedRootGroup;
			path = ArtworkRecognitionDemoUITests;
			sourceTree = "<group>";
		};
/* End PBXFileSystemSynchronizedRootGroup section */

/* Begin PBXFrameworksBuildPhase section */
		E104A5302D8B73A5007061F8 /* Frameworks */ = {
			isa = PBXFrameworksBuildPhase;
			buildActionMask = 2147483647;
			files = (
			);
			runOnlyForDeploymentPostprocessing = 0;
		};
		E104A5402D8B73A7007061F8 /* Frameworks */ = {
			isa = PBXFrameworksBuildPhase;
			buildActionMask = 2147483647;
			files = (
			);
			runOnlyForDeploymentPostprocessing = 0;
		};
		E104A54A2D8B73A7007061F8 /* Frameworks */ = {
			isa = PBXFrameworksBuildPhase;
			buildActionMask = 2147483647;
			files = (
			);
			runOnlyForDeploymentPostprocessing = 0;
		};
/* End PBXFrameworksBuildPhase section */

/* Begin PBXGroup section */
		E104A52A2D8B73A5007061F8 = {
			isa = PBXGroup;
			children = (
				E104A5352D8B73A5007061F8 /* ArtworkRecognitionDemo */,
				E104A5462D8B73A7007061F8 /* ArtworkRecognitionDemoTests */,
				E104A5502D8B73A7007061F8 /* ArtworkRecognitionDemoUITests */,
				E104A5342D8B73A5007061F8 /* Products */,
			);
			sourceTree = "<group>";
		};
		E104A5342D8B73A5007061F8 /* Products */ = {
			isa = PBXGroup;
			children = (
				E104A5332D8B73A5007061F8 /* ArtworkRecognitionDemo.app */,
				E104A5432D8B73A7007061F8 /* ArtworkRecognitionDemoTests.xctest */,
				E104A54D2D8B73A7007061F8 /* ArtworkRecognitionDemoUITests.xctest */,
			);
			name = Products;
			sourceTree = "<group>";
		};
/* End PBXGroup section */

/* Begin PBXNativeTarget section */
		E104A5322D8B73A5007061F8 /* ArtworkRecognitionDemo */ = {
			isa = PBXNativeTarget;
			buildConfigurationList = E104A5572D8B73A7007061F8 /* Build configuration list for PBXNativeTarget "ArtworkRecognitionDemo" */;
			buildPhases = (
				E104A52F2D8B73A5007061F8 /* Sources */,
				E104A5302D8B73A5007061F8 /* Frameworks */,
				E104A5312D8B73A5007061F8 /* Resources */,
			);
			buildRules = (
			);
			dependencies = (
			);
			fileSystemSynchronizedGroups = (
				E104A5352D8B73A5007061F8 /* ArtworkRecognitionDemo */,
			);
			name = ArtworkRecognitionDemo;
			packageProductDependencies = (
			);
			productName = ArtworkRecognitionDemo;
			productReference = E104A5332D8B73A5007061F8 /* ArtworkRecognitionDemo.app */;
			productType = "com.apple.product-type.application";
		};
		E104A5422D8B73A7007061F8 /* ArtworkRecognitionDemoTests */ = {
			isa = PBXNativeTarget;
			buildConfigurationList = E104A55A2D8B73A7007061F8 /* Build configuration list for PBXNativeTarget "ArtworkRecognitionDemoTests" */;
			buildPhases = (
				E104A53F2D8B73A7007061F8 /* Sources */,
				E104A5402D8B73A7007061F8 /* Frameworks */,
				E104A5412D8B73A7007061F8 /* Resources */,
			);
			buildRules = (
			);
			dependencies = (
				E104A5452D8B73A7007061F8 /* PBXTargetDependency */,
			);
			fileSystemSynchronizedGroups = (
				E104A5462D8B73A7007061F8 /* ArtworkRecognitionDemoTests */,
			);
			name = ArtworkRecognitionDemoTests;
			packageProductDependencies = (
			);
			productName = ArtworkRecognitionDemoTests;
			productReference = E104A5432D8B73A7007061F8 /* ArtworkRecognitionDemoTests.xctest */;
			productType = "com.apple.product-type.bundle.unit-test";
		};
		E104A54C2D8B73A7007061F8 /* ArtworkRecognitionDemoUITests */ = {
			isa = PBXNativeTarget;
			buildConfigurationList = E104A55D2D8B73A7007061F8 /* Build configuration list for PBXNativeTarget "ArtworkRecognitionDemoUITests" */;
			buildPhases = (
				E104A5492D8B73A7007061F8 /* Sources */,
				E104A54A2D8B73A7007061F8 /* Frameworks */,
				E104A54B2D8B73A7007061F8 /* Resources */,
			);
			buildRules = (
			);
			dependencies = (
				E104A54F2D8B73A7007061F8 /* PBXTargetDependency */,
			);
			fileSystemSynchronizedGroups = (
				E104A5502D8B73A7007061F8 /* ArtworkRecognitionDemoUITests */,
			);
			name = ArtworkRecognitionDemoUITests;
			packageProductDependencies = (
			);
			productName = ArtworkRecognitionDemoUITests;
			productReference = E104A54D2D8B73A7007061F8 /* ArtworkRecognitionDemoUITests.xctest */;
			productType = "com.apple.product-type.bundle.ui-testing";
		};
/* End PBXNativeTarget section */

/* Begin PBXProject section */
		E104A52B2D8B73A5007061F8 /* Project object */ = {
			isa = PBXProject;
			attributes = {
				BuildIndependentTargetsInParallel = 1;
				LastSwiftUpdateCheck = 1620;
				LastUpgradeCheck = 1620;
				TargetAttributes = {
					E104A5322D8B73A5007061F8 = {
						CreatedOnToolsVersion = 16.2;
					};
					E104A5422D8B73A7007061F8 = {
						CreatedOnToolsVersion = 16.2;
						TestTargetID = E104A5322D8B73A5007061F8;
					};
					E104A54C2D8B73A7007061F8 = {
						CreatedOnToolsVersion = 16.2;
						TestTargetID = E104A5322D8B73A5007061F8;
					};
				};
			};
			buildConfigurationList = E104A52E2D8B73A5007061F8 /* Build configuration list for PBXProject "ArtworkRecognitionDemo" */;
			developmentRegion = en;
			hasScannedForEncodings = 0;
			knownRegions = (
				en,
				Base,
			);
			mainGroup = E104A52A2D8B73A5007061F8;
			minimizedProjectReferenceProxies = 1;
			preferredProjectObjectVersion = 77;
			productRefGroup = E104A5342D8B73A5007061F8 /* Products */;
			projectDirPath = "";
			projectRoot = "";
			targets = (
				E104A5322D8B73A5007061F8 /* ArtworkRecognitionDemo */,
				E104A5422D8B73A7007061F8 /* ArtworkRecognitionDemoTests */,
				E104A54C2D8B73A7007061F8 /* ArtworkRecognitionDemoUITests */,
			);
		};
/* End PBXProject section */

/* Begin PBXResourcesBuildPhase section */
		E104A5312D8B73A5007061F8 /* Resources */ = {
			isa = PBXResourcesBuildPhase;
			buildActionMask = 2147483647;
			files = (
			);
			runOnlyForDeploymentPostprocessing = 0;
		};
		E104A5412D8B73A7007061F8 /* Resources */ = {
			isa = PBXResourcesBuildPhase;
			buildActionMask = 2147483647;
			files = (
			);
			runOnlyForDeploymentPostprocessing = 0;
		};
		E104A54B2D8B73A7007061F8 /* Resources */ = {
			isa = PBXResourcesBuildPhase;
			buildActionMask = 2147483647;
			files = (
			);
			runOnlyForDeploymentPostprocessing = 0;
		};
/* End PBXResourcesBuildPhase section */

/* Begin PBXSourcesBuildPhase section */
		E104A52F2D8B73A5007061F8 /* Sources */ = {
			isa = PBXSourcesBuildPhase;
			buildActionMask = 2147483647;
			files = (
			);
			runOnlyForDeploymentPostprocessing = 0;
		};
		E104A53F2D8B73A7007061F8 /* Sources */ = {
			isa = PBXSourcesBuildPhase;
			buildActionMask = 2147483647;
			files = (
			);
			runOnlyForDeploymentPostprocessing = 0;
		};
		E104A5492D8B73A7007061F8 /* Sources */ = {
			isa = PBXSourcesBuildPhase;
			buildActionMask = 2147483647;
			files = (
			);
			runOnlyForDeploymentPostprocessing = 0;
		};
/* End PBXSourcesBuildPhase section */

/* Begin PBXTargetDependency section */
		E104A5452D8B73A7007061F8 /* PBXTargetDependency */ = {
			isa = PBXTargetDependency;
			target = E104A5322D8B73A5007061F8 /* ArtworkRecognitionDemo */;
			targetProxy = E104A5442D8B73A7007061F8 /* PBXContainerItemProxy */;
		};
		E104A54F2D8B73A7007061F8 /* PBXTargetDependency */ = {
			isa = PBXTargetDependency;
			target = E104A5322D8B73A5007061F8 /* ArtworkRecognitionDemo */;
			targetProxy = E104A54E2D8B73A7007061F8 /* PBXContainerItemProxy */;
		};
/* End PBXTargetDependency section */

/* Begin XCBuildConfiguration section */
		E104A5552D8B73A7007061F8 /* Debug */ = {
			isa = XCBuildConfiguration;
			buildSettings = {
				ALWAYS_SEARCH_USER_PATHS = NO;
				ASSETCATALOG_COMPILER_GENERATE_SWIFT_ASSET_SYMBOL_EXTENSIONS = YES;
				CLANG_ANALYZER_NONNULL = YES;
				CLANG_ANALYZER_NUMBER_OBJECT_CONVERSION = YES_AGGRESSIVE;
				CLANG_CXX_LANGUAGE_STANDARD = "gnu++20";
				CLANG_ENABLE_MODULES = YES;
				CLANG_ENABLE_OBJC_ARC = YES;
				CLANG_ENABLE_OBJC_WEAK = YES;
				CLANG_WARN_BLOCK_CAPTURE_AUTORELEASING = YES;
				CLANG_WARN_BOOL_CONVERSION = YES;
				CLANG_WARN_COMMA = YES;
				CLANG_WARN_CONSTANT_CONVERSION = YES;
				CLANG_WARN_DEPRECATED_OBJC_IMPLEMENTATIONS = YES;
				CLANG_WARN_DIRECT_OBJC_ISA_USAGE = YES_ERROR;
				CLANG_WARN_DOCUMENTATION_COMMENTS = YES;
				CLANG_WARN_EMPTY_BODY = YES;
				CLANG_WARN_ENUM_CONVERSION = YES;
				CLANG_WARN_INFINITE_RECURSION = YES;
				CLANG_WARN_INT_CONVERSION = YES;
				CLANG_WARN_NON_LITERAL_NULL_CONVERSION = YES;
				CLANG_WARN_OBJC_IMPLICIT_RETAIN_SELF = YES;
				CLANG_WARN_OBJC_LITERAL_CONVERSION = YES;
				CLANG_WARN_OBJC_ROOT_CLASS = YES_ERROR;
				CLANG_WARN_QUOTED_INCLUDE_IN_FRAMEWORK_HEADER = YES;
				CLANG_WARN_RANGE_LOOP_ANALYSIS = YES;
				CLANG_WARN_STRICT_PROTOTYPES = YES;
				CLANG_WARN_SUSPICIOUS_MOVE = YES;
				CLANG_WARN_UNGUARDED_AVAILABILITY = YES_AGGRESSIVE;
				CLANG_WARN_UNREACHABLE_CODE = YES;
				CLANG_WARN__DUPLICATE_METHOD_MATCH = YES;
				COPY_PHASE_STRIP = NO;
				DEBUG_INFORMATION_FORMAT = dwarf;
				ENABLE_STRICT_OBJC_MSGSEND = YES;
				ENABLE_TESTABILITY = YES;
				ENABLE_USER_SCRIPT_SANDBOXING = YES;
				GCC_C_LANGUAGE_STANDARD = gnu17;
				GCC_DYNAMIC_NO_PIC = NO;
				GCC_NO_COMMON_BLOCKS = YES;
				GCC_OPTIMIZATION_LEVEL = 0;
				GCC_PREPROCESSOR_DEFINITIONS = (
					"DEBUG=1",
					"$(inherited)",
				);
				GCC_WARN_64_TO_32_BIT_CONVERSION = YES;
				GCC_WARN_ABOUT_RETURN_TYPE = YES_ERROR;
				GCC_WARN_UNDECLARED_SELECTOR = YES;
				GCC_WARN_UNINITIALIZED_AUTOS = YES_AGGRESSIVE;
				GCC_WARN_UNUSED_FUNCTION = YES;
				GCC_WARN_UNUSED_VARIABLE = YES;
				IPHONEOS_DEPLOYMENT_TARGET = 18.2;
				LOCALIZATION_PREFERS_STRING_CATALOGS = YES;
				MTL_ENABLE_DEBUG_INFO = INCLUDE_SOURCE;
				MTL_FAST_MATH = YES;
				ONLY_ACTIVE_ARCH = YES;
				SDKROOT = iphoneos;
				SWIFT_ACTIVE_COMPILATION_CONDITIONS = "DEBUG $(inherited)";
				SWIFT_OPTIMIZATION_LEVEL = "-Onone";
			};
			name = Debug;
		};
		E104A5562D8B73A7007061F8 /* Release */ = {
			isa = XCBuildConfiguration;
			buildSettings = {
				ALWAYS_SEARCH_USER_PATHS = NO;
				ASSETCATALOG_COMPILER_GENERATE_SWIFT_ASSET_SYMBOL_EXTENSIONS = YES;
				CLANG_ANALYZER_NONNULL = YES;
				CLANG_ANALYZER_NUMBER_OBJECT_CONVERSION = YES_AGGRESSIVE;
				CLANG_CXX_LANGUAGE_STANDARD = "gnu++20";
				CLANG_ENABLE_MODULES = YES;
				CLANG_ENABLE_OBJC_ARC = YES;
				CLANG_ENABLE_OBJC_WEAK = YES;
				CLANG_WARN_BLOCK_CAPTURE_AUTORELEASING = YES;
				CLANG_WARN_BOOL_CONVERSION = YES;
				CLANG_WARN_COMMA = YES;
				CLANG_WARN_CONSTANT_CONVERSION = YES;
				CLANG_WARN_DEPRECATED_OBJC_IMPLEMENTATIONS = YES;
				CLANG_WARN_DIRECT_OBJC_ISA_USAGE = YES_ERROR;
				CLANG_WARN_DOCUMENTATION_COMMENTS = YES;
				CLANG_WARN_EMPTY_BODY = YES;
				CLANG_WARN_ENUM_CONVERSION = YES;
				CLANG_WARN_INFINITE_RECURSION = YES;
				CLANG_WARN_INT_CONVERSION = YES;
				CLANG_WARN_NON_LITERAL_NULL_CONVERSION = YES;
				CLANG_WARN_OBJC_IMPLICIT_RETAIN_SELF = YES;
				CLANG_WARN_OBJC_LITERAL_CONVERSION = YES;
				CLANG_WARN_OBJC_ROOT_CLASS = YES_ERROR;
				CLANG_WARN_QUOTED_INCLUDE_IN_FRAMEWORK_HEADER = YES;
				CLANG_WARN_RANGE_LOOP_ANALYSIS = YES;
				CLANG_WARN_STRICT_PROTOTYPES = YES;
				CLANG_WARN_SUSPICIOUS_MOVE = YES;
				CLANG_WARN_UNGUARDED_AVAILABILITY = YES_AGGRESSIVE;
				CLANG_WARN_UNREACHABLE_CODE = YES;
				CLANG_WARN__DUPLICATE_METHOD_MATCH = YES;
				COPY_PHASE_STRIP = NO;
				DEBUG_INFORMATION_FORMAT = "dwarf-with-dsym";
				ENABLE_NS_ASSERTIONS = NO;
				ENABLE_STRICT_OBJC_MSGSEND = YES;
				ENABLE_USER_SCRIPT_SANDBOXING = YES;
				GCC_C_LANGUAGE_STANDARD = gnu17;
				GCC_NO_COMMON_BLOCKS = YES;
				GCC_WARN_64_TO_32_BIT_CONVERSION = YES;
				GCC_WARN_ABOUT_RETURN_TYPE = YES_ERROR;
				GCC_WARN_UNDECLARED_SELECTOR = YES;
				GCC_WARN_UNINITIALIZED_AUTOS = YES_AGGRESSIVE;
				GCC_WARN_UNUSED_FUNCTION = YES;
				GCC_WARN_UNUSED_VARIABLE = YES;
				IPHONEOS_DEPLOYMENT_TARGET = 18.2;
				LOCALIZATION_PREFERS_STRING_CATALOGS = YES;
				MTL_ENABLE_DEBUG_INFO = NO;
				MTL_FAST_MATH = YES;
				SDKROOT = iphoneos;
				SWIFT_COMPILATION_MODE = wholemodule;
				VALIDATE_PRODUCT = YES;
			};
			name = Release;
		};
		E104A5582D8B73A7007061F8 /* Debug */ = {
			isa = XCBuildConfiguration;
			buildSettings = {
				ASSETCATALOG_COMPILER_APPICON_NAME = AppIcon;
				ASSETCATALOG_COMPILER_GLOBAL_ACCENT_COLOR_NAME = AccentColor;
				CODE_SIGN_STYLE = Automatic;
				CURRENT_PROJECT_VERSION = 1;
				DEVELOPMENT_ASSET_PATHS = "\"ArtworkRecognitionDemo/Preview Content\"";
				DEVELOPMENT_TEAM = 7LCDH3P84H;
				ENABLE_PREVIEWS = YES;
				GENERATE_INFOPLIST_FILE = YES;
				INFOPLIST_KEY_UIApplicationSceneManifest_Generation = YES;
				INFOPLIST_KEY_UIApplicationSupportsIndirectInputEvents = YES;
				INFOPLIST_KEY_UILaunchScreen_Generation = YES;
				INFOPLIST_KEY_UISupportedInterfaceOrientations_iPad = "UIInterfaceOrientationPortrait UIInterfaceOrientationPortraitUpsideDown UIInterfaceOrientationLandscapeLeft UIInterfaceOrientationLandscapeRight";
				INFOPLIST_KEY_UISupportedInterfaceOrientations_iPhone = "UIInterfaceOrientationPortrait UIInterfaceOrientationLandscapeLeft UIInterfaceOrientationLandscapeRight";
				LD_RUNPATH_SEARCH_PATHS = (
					"$(inherited)",
					"@executable_path/Frameworks",
				);
				MARKETING_VERSION = 1.0;
				PRODUCT_BUNDLE_IDENTIFIER = mseragiotto.ArtworkRecognitionDemo;
				PRODUCT_NAME = "$(TARGET_NAME)";
				SWIFT_EMIT_LOC_STRINGS = YES;
				SWIFT_VERSION = 5.0;
				TARGETED_DEVICE_FAMILY = "1,2";
			};
			name = Debug;
		};
		E104A5592D8B73A7007061F8 /* Release */ = {
			isa = XCBuildConfiguration;
			buildSettings = {
				ASSETCATALOG_COMPILER_APPICON_NAME = AppIcon;
				ASSETCATALOG_COMPILER_GLOBAL_ACCENT_COLOR_NAME = AccentColor;
				CODE_SIGN_STYLE = Automatic;
				CURRENT_PROJECT_VERSION = 1;
				DEVELOPMENT_ASSET_PATHS = "\"ArtworkRecognitionDemo/Preview Content\"";
				DEVELOPMENT_TEAM = 7LCDH3P84H;
				ENABLE_PREVIEWS = YES;
				GENERATE_INFOPLIST_FILE = YES;
				INFOPLIST_KEY_UIApplicationSceneManifest_Generation = YES;
				INFOPLIST_KEY_UIApplicationSupportsIndirectInputEvents = YES;
				INFOPLIST_KEY_UILaunchScreen_Generation = YES;
				INFOPLIST_KEY_UISupportedInterfaceOrientations_iPad = "UIInterfaceOrientationPortrait UIInterfaceOrientationPortraitUpsideDown UIInterfaceOrientationLandscapeLeft UIInterfaceOrientationLandscapeRight";
				INFOPLIST_KEY_UISupportedInterfaceOrientations_iPhone = "UIInterfaceOrientationPortrait UIInterfaceOrientationLandscapeLeft UIInterfaceOrientationLandscapeRight";
				LD_RUNPATH_SEARCH_PATHS = (
					"$(inherited)",
					"@executable_path/Frameworks",
				);
				MARKETING_VERSION = 1.0;
				PRODUCT_BUNDLE_IDENTIFIER = mseragiotto.ArtworkRecognitionDemo;
				PRODUCT_NAME = "$(TARGET_NAME)";
				SWIFT_EMIT_LOC_STRINGS = YES;
				SWIFT_VERSION = 5.0;
				TARGETED_DEVICE_FAMILY = "1,2";
			};
			name = Release;
		};
		E104A55B2D8B73A7007061F8 /* Debug */ = {
			isa = XCBuildConfiguration;
			buildSettings = {
				BUNDLE_LOADER = "$(TEST_HOST)";
				CODE_SIGN_STYLE = Automatic;
				CURRENT_PROJECT_VERSION = 1;
				DEVELOPMENT_TEAM = 7LCDH3P84H;
				GENERATE_INFOPLIST_FILE = YES;
				IPHONEOS_DEPLOYMENT_TARGET = 18.2;
				MARKETING_VERSION = 1.0;
				PRODUCT_BUNDLE_IDENTIFIER = mseragiotto.ArtworkRecognitionDemoTests;
				PRODUCT_NAME = "$(TARGET_NAME)";
				SWIFT_EMIT_LOC_STRINGS = NO;
				SWIFT_VERSION = 5.0;
				TARGETED_DEVICE_FAMILY = "1,2";
				TEST_HOST = "$(BUILT_PRODUCTS_DIR)/ArtworkRecognitionDemo.app/$(BUNDLE_EXECUTABLE_FOLDER_PATH)/ArtworkRecognitionDemo";
			};
			name = Debug;
		};
		E104A55C2D8B73A7007061F8 /* Release */ = {
			isa = XCBuildConfiguration;
			buildSettings = {
				BUNDLE_LOADER = "$(TEST_HOST)";
				CODE_SIGN_STYLE = Automatic;
				CURRENT_PROJECT_VERSION = 1;
				DEVELOPMENT_TEAM = 7LCDH3P84H;
				GENERATE_INFOPLIST_FILE = YES;
				IPHONEOS_DEPLOYMENT_TARGET = 18.2;
				MARKETING_VERSION = 1.0;
				PRODUCT_BUNDLE_IDENTIFIER = mseragiotto.ArtworkRecognitionDemoTests;
				PRODUCT_NAME = "$(TARGET_NAME)";
				SWIFT_EMIT_LOC_STRINGS = NO;
				SWIFT_VERSION = 5.0;
				TARGETED_DEVICE_FAMILY = "1,2";
				TEST_HOST = "$(BUILT_PRODUCTS_DIR)/ArtworkRecognitionDemo.app/$(BUNDLE_EXECUTABLE_FOLDER_PATH)/ArtworkRecognitionDemo";
			};
			name = Release;
		};
		E104A55E2D8B73A7007061F8 /* Debug */ = {
			isa = XCBuildConfiguration;
			buildSettings = {
				CODE_SIGN_STYLE = Automatic;
				CURRENT_PROJECT_VERSION = 1;
				DEVELOPMENT_TEAM = 7LCDH3P84H;
				GENERATE_INFOPLIST_FILE = YES;
				MARKETING_VERSION = 1.0;
				PRODUCT_BUNDLE_IDENTIFIER = mseragiotto.ArtworkRecognitionDemoUITests;
				PRODUCT_NAME = "$(TARGET_NAME)";
				SWIFT_EMIT_LOC_STRINGS = NO;
				SWIFT_VERSION = 5.0;
				TARGETED_DEVICE_FAMILY = "1,2";
				TEST_TARGET_NAME = ArtworkRecognitionDemo;
			};
			name = Debug;
		};
		E104A55F2D8B73A7007061F8 /* Release */ = {
			isa = XCBuildConfiguration;
			buildSettings = {
				CODE_SIGN_STYLE = Automatic;
				CURRENT_PROJECT_VERSION = 1;
				DEVELOPMENT_TEAM = 7LCDH3P84H;
				GENERATE_INFOPLIST_FILE = YES;
				MARKETING_VERSION = 1.0;
				PRODUCT_BUNDLE_IDENTIFIER = mseragiotto.ArtworkRecognitionDemoUITests;
				PRODUCT_NAME = "$(TARGET_NAME)";
				SWIFT_EMIT_LOC_STRINGS = NO;
				SWIFT_VERSION = 5.0;
				TARGETED_DEVICE_FAMILY = "1,2";
				TEST_TARGET_NAME = ArtworkRecognitionDemo;
			};
			name = Release;
		};
/* End XCBuildConfiguration section */

/* Begin XCConfigurationList section */
		E104A52E2D8B73A5007061F8 /* Build configuration list for PBXProject "ArtworkRecognitionDemo" */ = {
			isa = XCConfigurationList;
			buildConfigurations = (
				E104A5552D8B73A7007061F8 /* Debug */,
				E104A5562D8B73A7007061F8 /* Release */,
			);
			defaultConfigurationIsVisible = 0;
			defaultConfigurationName = Release;
		};
		E104A5572D8B73A7007061F8 /* Build configuration list for PBXNativeTarget "ArtworkRecognitionDemo" */ = {
			isa = XCConfigurationList;
			buildConfigurations = (
				E104A5582D8B73A7007061F8 /* Debug */,
				E104A5592D8B73A7007061F8 /* Release */,
			);
			defaultConfigurationIsVisible = 0;
			defaultConfigurationName = Release;
		};
		E104A55A2D8B73A7007061F8 /* Build configuration list for PBXNativeTarget "ArtworkRecognitionDemoTests" */ = {
			isa = XCConfigurationList;
			buildConfigurations = (
				E104A55B2D8B73A7007061F8 /* Debug */,
				E104A55C2D8B73A7007061F8 /* Release */,
			);
			defaultConfigurationIsVisible = 0;
			defaultConfigurationName = Release;
		};
		E104A55D2D8B73A7007061F8 /* Build configuration list for PBXNativeTarget "ArtworkRecognitionDemoUITests" */ = {
			isa = XCConfigurationList;
			buildConfigurations = (
				E104A55E2D8B73A7007061F8 /* Debug */,
				E104A55F2D8B73A7007061F8 /* Release */,
			);
			defaultConfigurationIsVisible = 0;
			defaultConfigurationName = Release;
		};
/* End XCConfigurationList section */
	};
	rootObject = E104A52B2D8B73A5007061F8 /* Project object */;
}
